
Microsoft Visual Studio Solution File, Format Version 12.00
Project("{FAE04EC0-301F-11D3-BF4B-00C04F79EFBC}") = "NetCommon", "NetCommon\NetCommon.csproj", "{BD7C272C-3F34-46F7-AB4E-4E1BD2A745BC}"
EndProject
Project("{FAE04EC0-301F-11D3-BF4B-00C04F79EFBC}") = "NetCommon.Experiments", "NetCommon.Experiments\NetCommon.Experiments.csproj", "{7C7B2F78-40ED-4A07-A02A-4D7915BBCE1D}"
EndProject
Global
	GlobalSection(SolutionConfigurationPlatforms) = preSolution
		Debug|Any CPU = Debug|Any CPU
		Release|Any CPU = Release|Any CPU
	EndGlobalSection
	GlobalSection(ProjectConfigurationPlatforms) = postSolution
		{BD7C272C-3F34-46F7-AB4E-4E1BD2A745BC}.Debug|Any CPU.ActiveCfg = Debug|Any CPU
		{BD7C272C-3F34-46F7-AB4E-4E1BD2A745BC}.Debug|Any CPU.Build.0 = Debug|Any CPU
		{BD7C272C-3F34-46F7-AB4E-4E1BD2A745BC}.Release|Any CPU.ActiveCfg = Release|Any CPU
		{BD7C272C-3F34-46F7-AB4E-4E1BD2A745BC}.Release|Any CPU.Build.0 = Release|Any CPU
		{7C7B2F78-40ED-4A07-A02A-4D7915BBCE1D}.Debug|Any CPU.ActiveCfg = Debug|Any CPU
		{7C7B2F78-40ED-4A07-A02A-4D7915BBCE1D}.Debug|Any CPU.Build.0 = Debug|Any CPU
		{7C7B2F78-40ED-4A07-A02A-4D7915BBCE1D}.Release|Any CPU.ActiveCfg = Release|Any CPU
		{7C7B2F78-40ED-4A07-A02A-4D7915BBCE1D}.Release|Any CPU.Build.0 = Release|Any CPU
	EndGlobalSection
EndGlobal
